
Microsoft Visual Studio Solution File, Format Version 12.00
# Visual Studio 15
VisualStudioVersion = 15.0.28307.489
MinimumVisualStudioVersion = 10.0.40219.1
Project("{8BC9CEB8-8B4A-11D0-8D11-00A0C91BC942}") = "RdtOne", "RdtOne.vcxproj", "{E9BB88BE-9B4B-4800-A9E6-B65407992D31}"
EndProject
Global
	GlobalSection(SolutionConfigurationPlatforms) = preSolution
		Debug|x64 = Debug|x64
		Debug|x86 = Debug|x86
		Release|x64 = Release|x64
		Release|x86 = Release|x86
	EndGlobalSection
	GlobalSection(ProjectConfigurationPlatforms) = postSolution
		{E9BB88BE-9B4B-4800-A9E6-B65407992D31}.Debug|x64.ActiveCfg = Debug|x64
		{E9BB88BE-9B4B-4800-A9E6-B65407992D31}.Debug|x64.Build.0 = Debug|x64
		{E9BB88BE-9B4B-4800-A9E6-B65407992D31}.Debug|x86.ActiveCfg = Debug|Win32
		{E9BB88BE-9B4B-4800-A9E6-B65407992D31}.Debug|x86.Build.0 = Debug|Win32
		{E9BB88BE-9B4B-4800-A9E6-B65407992D31}.Release|x64.ActiveCfg = Release|x64
		{E9BB88BE-9B4B-4800-A9E6-B65407992D31}.Release|x64.Build.0 = Release|x64
		{E9BB88BE-9B4B-4800-A9E6-B65407992D31}.Release|x86.ActiveCfg = Release|Win32
		{E9BB88BE-9B4B-4800-A9E6-B65407992D31}.Release|x86.Build.0 = Release|Win32
	EndGlobalSection
	GlobalSection(SolutionProperties) = preSolution
		HideSolutionNode = FALSE
	EndGlobalSection
	GlobalSection(ExtensibilityGlobals) = postSolution
		SolutionGuid = {97B05037-653E-4A71-B1E1-BC0A1549CAC0}
	EndGlobalSection
EndGlobal
